
Microsoft Visual Studio Solution File, Format Version 12.00
# Visual Studio 15
VisualStudioVersion = 15.0.27130.2024
MinimumVisualStudioVersion = 10.0.40219.1
Project("{FAE04EC0-301F-11D3-BF4B-00C04F79EFBC}") = "upr05_04SieveOfErato", "upr05_04SieveOfErato\upr05_04SieveOfErato.csproj", "{019B604F-7DB9-4C28-BE40-68532CBCD4E6}"
EndProject
Global
	GlobalSection(SolutionConfigurationPlatforms) = preSolution
		Debug|Any CPU = Debug|Any CPU
		Release|Any CPU = Release|Any CPU
	EndGlobalSection
	GlobalSection(ProjectConfigurationPlatforms) = postSolution
		{019B604F-7DB9-4C28-BE40-68532CBCD4E6}.Debug|Any CPU.ActiveCfg = Debug|Any CPU
		{019B604F-7DB9-4C28-BE40-68532CBCD4E6}.Debug|Any CPU.Build.0 = Debug|Any CPU
		{019B604F-7DB9-4C28-BE40-68532CBCD4E6}.Release|Any CPU.ActiveCfg = Release|Any CPU
		{019B604F-7DB9-4C28-BE40-68532CBCD4E6}.Release|Any CPU.Build.0 = Release|Any CPU
	EndGlobalSection
	GlobalSection(SolutionProperties) = preSolution
		HideSolutionNode = FALSE
	EndGlobalSection
	GlobalSection(ExtensibilityGlobals) = postSolution
		SolutionGuid = {74237539-CF61-42B7-B050-9F3EB267F880}
	EndGlobalSection
EndGlobal
